
Microsoft Visual Studio Solution File, Format Version 12.00
# Visual Studio 2012
Project("{FAE04EC0-301F-11D3-BF4B-00C04F79EFBC}") = "CsharpLab_4", "CsharpLab_4\CsharpLab_4.csproj", "{DC716526-82EA-4B81-9D9E-DC7312722D10}"
EndProject
Global
	GlobalSection(SolutionConfigurationPlatforms) = preSolution
		Debug|Any CPU = Debug|Any CPU
		Release|Any CPU = Release|Any CPU
	EndGlobalSection
	GlobalSection(ProjectConfigurationPlatforms) = postSolution
		{DC716526-82EA-4B81-9D9E-DC7312722D10}.Debug|Any CPU.ActiveCfg = Debug|Any CPU
		{DC716526-82EA-4B81-9D9E-DC7312722D10}.Debug|Any CPU.Build.0 = Debug|Any CPU
		{DC716526-82EA-4B81-9D9E-DC7312722D10}.Release|Any CPU.ActiveCfg = Release|Any CPU
		{DC716526-82EA-4B81-9D9E-DC7312722D10}.Release|Any CPU.Build.0 = Release|Any CPU
	EndGlobalSection
	GlobalSection(SolutionProperties) = preSolution
		HideSolutionNode = FALSE
	EndGlobalSection
EndGlobal
